// !$*UTF8*$!
{
	archiveVersion = 1;
	classes = {
	};
	objectVersion = 55;
	objects = {

/* Begin PBXBuildFile section */
		ED6CF8A728B8952000FC9D32 /* AppDelegate.swift in Sources */ = {isa = PBXBuildFile; fileRef = ED6CF8A628B8952000FC9D32 /* AppDelegate.swift */; };
		ED6CF8A928B8952000FC9D32 /* SceneDelegate.swift in Sources */ = {isa = PBXBuildFile; fileRef = ED6CF8A828B8952000FC9D32 /* SceneDelegate.swift */; };
		ED6CF8AB28B8952000FC9D32 /* ViewController.swift in Sources */ = {isa = PBXBuildFile; fileRef = ED6CF8AA28B8952000FC9D32 /* ViewController.swift */; };
		ED6CF8AE28B8952000FC9D32 /* Main.storyboard in Resources */ = {isa = PBXBuildFile; fileRef = ED6CF8AC28B8952000FC9D32 /* Main.storyboard */; };
		ED6CF8B028B8952200FC9D32 /* Assets.xcassets in Resources */ = {isa = PBXBuildFile; fileRef = ED6CF8AF28B8952200FC9D32 /* Assets.xcassets */; };
		ED6CF8B328B8952200FC9D32 /* LaunchScreen.storyboard in Resources */ = {isa = PBXBuildFile; fileRef = ED6CF8B128B8952200FC9D32 /* LaunchScreen.storyboard */; };
		ED6CF8BE28B8952300FC9D32 /* GalleryTests.swift in Sources */ = {isa = PBXBuildFile; fileRef = ED6CF8BD28B8952300FC9D32 /* GalleryTests.swift */; };
		ED6CF8C828B8952300FC9D32 /* GalleryUITests.swift in Sources */ = {isa = PBXBuildFile; fileRef = ED6CF8C728B8952300FC9D32 /* GalleryUITests.swift */; };
		ED6CF8CA28B8952300FC9D32 /* GalleryUITestsLaunchTests.swift in Sources */ = {isa = PBXBuildFile; fileRef = ED6CF8C928B8952300FC9D32 /* GalleryUITestsLaunchTests.swift */; };
		EDA92D6E28C1EEC1006F498E /* ImageOpenView.swift in Sources */ = {isa = PBXBuildFile; fileRef = ED6CF8D628BFCC9C00FC9D32 /* ImageOpenView.swift */; };
/* End PBXBuildFile section */

/* Begin PBXContainerItemProxy section */
		ED6CF8BA28B8952300FC9D32 /* PBXContainerItemProxy */ = {
			isa = PBXContainerItemProxy;
			containerPortal = ED6CF89B28B8952000FC9D32 /* Project object */;
			proxyType = 1;
			remoteGlobalIDString = ED6CF8A228B8952000FC9D32;
			remoteInfo = Gallery;
		};
		ED6CF8C428B8952300FC9D32 /* PBXContainerItemProxy */ = {
			isa = PBXContainerItemProxy;
			containerPortal = ED6CF89B28B8952000FC9D32 /* Project object */;
			proxyType = 1;
			remoteGlobalIDString = ED6CF8A228B8952000FC9D32;
			remoteInfo = Gallery;
		};
/* End PBXContainerItemProxy section */

/* Begin PBXFileReference section */
		ED6CF8A328B8952000FC9D32 /* Gallery.app */ = {isa = PBXFileReference; explicitFileType = wrapper.application; includeInIndex = 0; path = Gallery.app; sourceTree = BUILT_PRODUCTS_DIR; };
		ED6CF8A628B8952000FC9D32 /* AppDelegate.swift */ = {isa = PBXFileReference; lastKnownFileType = sourcecode.swift; path = AppDelegate.swift; sourceTree = "<group>"; };
		ED6CF8A828B8952000FC9D32 /* SceneDelegate.swift */ = {isa = PBXFileReference; lastKnownFileType = sourcecode.swift; path = SceneDelegate.swift; sourceTree = "<group>"; };
		ED6CF8AA28B8952000FC9D32 /* ViewController.swift */ = {isa = PBXFileReference; lastKnownFileType = sourcecode.swift; path = ViewController.swift; sourceTree = "<group>"; };
		ED6CF8AD28B8952000FC9D32 /* Base */ = {isa = PBXFileReference; lastKnownFileType = file.storyboard; name = Base; path = Base.lproj/Main.storyboard; sourceTree = "<group>"; };
		ED6CF8AF28B8952200FC9D32 /* Assets.xcassets */ = {isa = PBXFileReference; lastKnownFileType = folder.assetcatalog; path = Assets.xcassets; sourceTree = "<group>"; };
		ED6CF8B228B8952200FC9D32 /* Base */ = {isa = PBXFileReference; lastKnownFileType = file.storyboard; name = Base; path = Base.lproj/LaunchScreen.storyboard; sourceTree = "<group>"; };
		ED6CF8B428B8952200FC9D32 /* Info.plist */ = {isa = PBXFileReference; lastKnownFileType = text.plist.xml; path = Info.plist; sourceTree = "<group>"; };
		ED6CF8B928B8952300FC9D32 /* GalleryTests.xctest */ = {isa = PBXFileReference; explicitFileType = wrapper.cfbundle; includeInIndex = 0; path = GalleryTests.xctest; sourceTree = BUILT_PRODUCTS_DIR; };
		ED6CF8BD28B8952300FC9D32 /* GalleryTests.swift */ = {isa = PBXFileReference; lastKnownFileType = sourcecode.swift; path = GalleryTests.swift; sourceTree = "<group>"; };
		ED6CF8C328B8952300FC9D32 /* GalleryUITests.xctest */ = {isa = PBXFileReference; explicitFileType = wrapper.cfbundle; includeInIndex = 0; path = GalleryUITests.xctest; sourceTree = BUILT_PRODUCTS_DIR; };
		ED6CF8C728B8952300FC9D32 /* GalleryUITests.swift */ = {isa = PBXFileReference; lastKnownFileType = sourcecode.swift; path = GalleryUITests.swift; sourceTree = "<group>"; };
		ED6CF8C928B8952300FC9D32 /* GalleryUITestsLaunchTests.swift */ = {isa = PBXFileReference; lastKnownFileType = sourcecode.swift; path = GalleryUITestsLaunchTests.swift; sourceTree = "<group>"; };
		ED6CF8D628BFCC9C00FC9D32 /* ImageOpenView.swift */ = {isa = PBXFileReference; lastKnownFileType = sourcecode.swift; name = ImageOpenView.swift; path = GalleryTests/ImageOpenView.swift; sourceTree = SOURCE_ROOT; };
/* End PBXFileReference section */

/* Begin PBXFrameworksBuildPhase section */
		ED6CF8A028B8952000FC9D32 /* Frameworks */ = {
			isa = PBXFrameworksBuildPhase;
			buildActionMask = 2147483647;
			files = (
			);
			runOnlyForDeploymentPostprocessing = 0;
		};
		ED6CF8B628B8952300FC9D32 /* Frameworks */ = {
			isa = PBXFrameworksBuildPhase;
			buildActionMask = 2147483647;
			files = (
			);
			runOnlyForDeploymentPostprocessing = 0;
		};
		ED6CF8C028B8952300FC9D32 /* Frameworks */ = {
			isa = PBXFrameworksBuildPhase;
			buildActionMask = 2147483647;
			files = (
			);
			runOnlyForDeploymentPostprocessing = 0;
		};
/* End PBXFrameworksBuildPhase section */

/* Begin PBXGroup section */
		ED6CF89A28B8952000FC9D32 = {
			isa = PBXGroup;
			children = (
				ED6CF8A528B8952000FC9D32 /* Gallery */,
				ED6CF8BC28B8952300FC9D32 /* GalleryTests */,
				ED6CF8C628B8952300FC9D32 /* GalleryUITests */,
				ED6CF8A428B8952000FC9D32 /* Products */,
			);
			sourceTree = "<group>";
		};
		ED6CF8A428B8952000FC9D32 /* Products */ = {
			isa = PBXGroup;
			children = (
				ED6CF8A328B8952000FC9D32 /* Gallery.app */,
				ED6CF8B928B8952300FC9D32 /* GalleryTests.xctest */,
				ED6CF8C328B8952300FC9D32 /* GalleryUITests.xctest */,
			);
			name = Products;
			sourceTree = "<group>";
		};
		ED6CF8A528B8952000FC9D32 /* Gallery */ = {
			isa = PBXGroup;
			children = (
				ED6CF8A628B8952000FC9D32 /* AppDelegate.swift */,
				ED6CF8A828B8952000FC9D32 /* SceneDelegate.swift */,
				ED6CF8AA28B8952000FC9D32 /* ViewController.swift */,
				ED6CF8D628BFCC9C00FC9D32 /* ImageOpenView.swift */,
				ED6CF8AC28B8952000FC9D32 /* Main.storyboard */,
				ED6CF8AF28B8952200FC9D32 /* Assets.xcassets */,
				ED6CF8B128B8952200FC9D32 /* LaunchScreen.storyboard */,
				ED6CF8B428B8952200FC9D32 /* Info.plist */,
			);
			path = Gallery;
			sourceTree = "<group>";
		};
		ED6CF8BC28B8952300FC9D32 /* GalleryTests */ = {
			isa = PBXGroup;
			children = (
				ED6CF8BD28B8952300FC9D32 /* GalleryTests.swift */,
			);
			path = GalleryTests;
			sourceTree = "<group>";
		};
		ED6CF8C628B8952300FC9D32 /* GalleryUITests */ = {
			isa = PBXGroup;
			children = (
				ED6CF8C728B8952300FC9D32 /* GalleryUITests.swift */,
				ED6CF8C928B8952300FC9D32 /* GalleryUITestsLaunchTests.swift */,
			);
			path = GalleryUITests;
			sourceTree = "<group>";
		};
/* End PBXGroup section */

/* Begin PBXNativeTarget section */
		ED6CF8A228B8952000FC9D32 /* Gallery */ = {
			isa = PBXNativeTarget;
			buildConfigurationList = ED6CF8CD28B8952300FC9D32 /* Build configuration list for PBXNativeTarget "Gallery" */;
			buildPhases = (
				ED6CF89F28B8952000FC9D32 /* Sources */,
				ED6CF8A028B8952000FC9D32 /* Frameworks */,
				ED6CF8A128B8952000FC9D32 /* Resources */,
			);
			buildRules = (
			);
			dependencies = (
			);
			name = Gallery;
			productName = Gallery;
			productReference = ED6CF8A328B8952000FC9D32 /* Gallery.app */;
			productType = "com.apple.product-type.application";
		};
		ED6CF8B828B8952300FC9D32 /* GalleryTests */ = {
			isa = PBXNativeTarget;
			buildConfigurationList = ED6CF8D028B8952300FC9D32 /* Build configuration list for PBXNativeTarget "GalleryTests" */;
			buildPhases = (
				ED6CF8B528B8952300FC9D32 /* Sources */,
				ED6CF8B628B8952300FC9D32 /* Frameworks */,
				ED6CF8B728B8952300FC9D32 /* Resources */,
			);
			buildRules = (
			);
			dependencies = (
				ED6CF8BB28B8952300FC9D32 /* PBXTargetDependency */,
			);
			name = GalleryTests;
			productName = GalleryTests;
			productReference = ED6CF8B928B8952300FC9D32 /* GalleryTests.xctest */;
			productType = "com.apple.product-type.bundle.unit-test";
		};
		ED6CF8C228B8952300FC9D32 /* GalleryUITests */ = {
			isa = PBXNativeTarget;
			buildConfigurationList = ED6CF8D328B8952300FC9D32 /* Build configuration list for PBXNativeTarget "GalleryUITests" */;
			buildPhases = (
				ED6CF8BF28B8952300FC9D32 /* Sources */,
				ED6CF8C028B8952300FC9D32 /* Frameworks */,
				ED6CF8C128B8952300FC9D32 /* Resources */,
			);
			buildRules = (
			);
			dependencies = (
				ED6CF8C528B8952300FC9D32 /* PBXTargetDependency */,
			);
			name = GalleryUITests;
			productName = GalleryUITests;
			productReference = ED6CF8C328B8952300FC9D32 /* GalleryUITests.xctest */;
			productType = "com.apple.product-type.bundle.ui-testing";
		};
/* End PBXNativeTarget section */

/* Begin PBXProject section */
		ED6CF89B28B8952000FC9D32 /* Project object */ = {
			isa = PBXProject;
			attributes = {
				BuildIndependentTargetsInParallel = 1;
				LastSwiftUpdateCheck = 1340;
				LastUpgradeCheck = 1340;
				TargetAttributes = {
					ED6CF8A228B8952000FC9D32 = {
						CreatedOnToolsVersion = 13.4.1;
					};
					ED6CF8B828B8952300FC9D32 = {
						CreatedOnToolsVersion = 13.4.1;
						TestTargetID = ED6CF8A228B8952000FC9D32;
					};
					ED6CF8C228B8952300FC9D32 = {
						CreatedOnToolsVersion = 13.4.1;
						TestTargetID = ED6CF8A228B8952000FC9D32;
					};
				};
			};
			buildConfigurationList = ED6CF89E28B8952000FC9D32 /* Build configuration list for PBXProject "Gallery" */;
			compatibilityVersion = "Xcode 13.0";
			developmentRegion = en;
			hasScannedForEncodings = 0;
			knownRegions = (
				en,
				Base,
			);
			mainGroup = ED6CF89A28B8952000FC9D32;
			productRefGroup = ED6CF8A428B8952000FC9D32 /* Products */;
			projectDirPath = "";
			projectRoot = "";
			targets = (
				ED6CF8A228B8952000FC9D32 /* Gallery */,
				ED6CF8B828B8952300FC9D32 /* GalleryTests */,
				ED6CF8C228B8952300FC9D32 /* GalleryUITests */,
			);
		};
/* End PBXProject section */

/* Begin PBXResourcesBuildPhase section */
		ED6CF8A128B8952000FC9D32 /* Resources */ = {
			isa = PBXResourcesBuildPhase;
			buildActionMask = 2147483647;
			files = (
				ED6CF8B328B8952200FC9D32 /* LaunchScreen.storyboard in Resources */,
				ED6CF8B028B8952200FC9D32 /* Assets.xcassets in Resources */,
				ED6CF8AE28B8952000FC9D32 /* Main.storyboard in Resources */,
			);
			runOnlyForDeploymentPostprocessing = 0;
		};
		ED6CF8B728B8952300FC9D32 /* Resources */ = {
			isa = PBXResourcesBuildPhase;
			buildActionMask = 2147483647;
			files = (
			);
			runOnlyForDeploymentPostprocessing = 0;
		};
		ED6CF8C128B8952300FC9D32 /* Resources */ = {
			isa = PBXResourcesBuildPhase;
			buildActionMask = 2147483647;
			files = (
			);
			runOnlyForDeploymentPostprocessing = 0;
		};
/* End PBXResourcesBuildPhase section */

/* Begin PBXSourcesBuildPhase section */
		ED6CF89F28B8952000FC9D32 /* Sources */ = {
			isa = PBXSourcesBuildPhase;
			buildActionMask = 2147483647;
			files = (
				ED6CF8AB28B8952000FC9D32 /* ViewController.swift in Sources */,
				ED6CF8A728B8952000FC9D32 /* AppDelegate.swift in Sources */,
				EDA92D6E28C1EEC1006F498E /* ImageOpenView.swift in Sources */,
				ED6CF8A928B8952000FC9D32 /* SceneDelegate.swift in Sources */,
			);
			runOnlyForDeploymentPostprocessing = 0;
		};
		ED6CF8B528B8952300FC9D32 /* Sources */ = {
			isa = PBXSourcesBuildPhase;
			buildActionMask = 2147483647;
			files = (
				ED6CF8BE28B8952300FC9D32 /* GalleryTests.swift in Sources */,
			);
			runOnlyForDeploymentPostprocessing = 0;
		};
		ED6CF8BF28B8952300FC9D32 /* Sources */ = {
			isa = PBXSourcesBuildPhase;
			buildActionMask = 2147483647;
			files = (
				ED6CF8C828B8952300FC9D32 /* GalleryUITests.swift in Sources */,
				ED6CF8CA28B8952300FC9D32 /* GalleryUITestsLaunchTests.swift in Sources */,
			);
			runOnlyForDeploymentPostprocessing = 0;
		};
/* End PBXSourcesBuildPhase section */

/* Begin PBXTargetDependency section */
		ED6CF8BB28B8952300FC9D32 /* PBXTargetDependency */ = {
			isa = PBXTargetDependency;
			target = ED6CF8A228B8952000FC9D32 /* Gallery */;
			targetProxy = ED6CF8BA28B8952300FC9D32 /* PBXContainerItemProxy */;
		};
		ED6CF8C528B8952300FC9D32 /* PBXTargetDependency */ = {
			isa = PBXTargetDependency;
			target = ED6CF8A228B8952000FC9D32 /* Gallery */;
			targetProxy = ED6CF8C428B8952300FC9D32 /* PBXContainerItemProxy */;
		};
/* End PBXTargetDependency section */

/* Begin PBXVariantGroup section */
		ED6CF8AC28B8952000FC9D32 /* Main.storyboard */ = {
			isa = PBXVariantGroup;
			children = (
				ED6CF8AD28B8952000FC9D32 /* Base */,
			);
			name = Main.storyboard;
			sourceTree = "<group>";
		};
		ED6CF8B128B8952200FC9D32 /* LaunchScreen.storyboard */ = {
			isa = PBXVariantGroup;
			children = (
				ED6CF8B228B8952200FC9D32 /* Base */,
			);
			name = LaunchScreen.storyboard;
			sourceTree = "<group>";
		};
/* End PBXVariantGroup section */

/* Begin XCBuildConfiguration section */
		ED6CF8CB28B8952300FC9D32 /* Debug */ = {
			isa = XCBuildConfiguration;
			buildSettings = {
				ALWAYS_SEARCH_USER_PATHS = NO;
				CLANG_ANALYZER_NONNULL = YES;
				CLANG_ANALYZER_NUMBER_OBJECT_CONVERSION = YES_AGGRESSIVE;
				CLANG_CXX_LANGUAGE_STANDARD = "gnu++17";
				CLANG_ENABLE_MODULES = YES;
				CLANG_ENABLE_OBJC_ARC = YES;
				CLANG_ENABLE_OBJC_WEAK = YES;
				CLANG_WARN_BLOCK_CAPTURE_AUTORELEASING = YES;
				CLANG_WARN_BOOL_CONVERSION = YES;
				CLANG_WARN_COMMA = YES;
				CLANG_WARN_CONSTANT_CONVERSION = YES;
				CLANG_WARN_DEPRECATED_OBJC_IMPLEMENTATIONS = YES;
				CLANG_WARN_DIRECT_OBJC_ISA_USAGE = YES_ERROR;
				CLANG_WARN_DOCUMENTATION_COMMENTS = YES;
				CLANG_WARN_EMPTY_BODY = YES;
				CLANG_WARN_ENUM_CONVERSION = YES;
				CLANG_WARN_INFINITE_RECURSION = YES;
				CLANG_WARN_INT_CONVERSION = YES;
				CLANG_WARN_NON_LITERAL_NULL_CONVERSION = YES;
				CLANG_WARN_OBJC_IMPLICIT_RETAIN_SELF = YES;
				CLANG_WARN_OBJC_LITERAL_CONVERSION = YES;
				CLANG_WARN_OBJC_ROOT_CLASS = YES_ERROR;
				CLANG_WARN_QUOTED_INCLUDE_IN_FRAMEWORK_HEADER = YES;
				CLANG_WARN_RANGE_LOOP_ANALYSIS = YES;
				CLANG_WARN_STRICT_PROTOTYPES = YES;
				CLANG_WARN_SUSPICIOUS_MOVE = YES;
				CLANG_WARN_UNGUARDED_AVAILABILITY = YES_AGGRESSIVE;
				CLANG_WARN_UNREACHABLE_CODE = YES;
				CLANG_WARN__DUPLICATE_METHOD_MATCH = YES;
				COPY_PHASE_STRIP = NO;
				DEBUG_INFORMATION_FORMAT = dwarf;
				ENABLE_STRICT_OBJC_MSGSEND = YES;
				ENABLE_TESTABILITY = YES;
				GCC_C_LANGUAGE_STANDARD = gnu11;
				GCC_DYNAMIC_NO_PIC = NO;
				GCC_NO_COMMON_BLOCKS = YES;
				GCC_OPTIMIZATION_LEVEL = 0;
				GCC_PREPROCESSOR_DEFINITIONS = (
					"DEBUG=1",
					"$(inherited)",
				);
				GCC_WARN_64_TO_32_BIT_CONVERSION = YES;
				GCC_WARN_ABOUT_RETURN_TYPE = YES_ERROR;
				GCC_WARN_UNDECLARED_SELECTOR = YES;
				GCC_WARN_UNINITIALIZED_AUTOS = YES_AGGRESSIVE;
				GCC_WARN_UNUSED_FUNCTION = YES;
				GCC_WARN_UNUSED_VARIABLE = YES;
				IPHONEOS_DEPLOYMENT_TARGET = 15.5;
				MTL_ENABLE_DEBUG_INFO = INCLUDE_SOURCE;
				MTL_FAST_MATH = YES;
				ONLY_ACTIVE_ARCH = YES;
				SDKROOT = iphoneos;
				SWIFT_ACTIVE_COMPILATION_CONDITIONS = DEBUG;
				SWIFT_OPTIMIZATION_LEVEL = "-Onone";
			};
			name = Debug;
		};
		ED6CF8CC28B8952300FC9D32 /* Release */ = {
			isa = XCBuildConfiguration;
			buildSettings = {
				ALWAYS_SEARCH_USER_PATHS = NO;
				CLANG_ANALYZER_NONNULL = YES;
				CLANG_ANALYZER_NUMBER_OBJECT_CONVERSION = YES_AGGRESSIVE;
				CLANG_CXX_LANGUAGE_STANDARD = "gnu++17";
				CLANG_ENABLE_MODULES = YES;
				CLANG_ENABLE_OBJC_ARC = YES;
				CLANG_ENABLE_OBJC_WEAK = YES;
				CLANG_WARN_BLOCK_CAPTURE_AUTORELEASING = YES;
				CLANG_WARN_BOOL_CONVERSION = YES;
				CLANG_WARN_COMMA = YES;
				CLANG_WARN_CONSTANT_CONVERSION = YES;
				CLANG_WARN_DEPRECATED_OBJC_IMPLEMENTATIONS = YES;
				CLANG_WARN_DIRECT_OBJC_ISA_USAGE = YES_ERROR;
				CLANG_WARN_DOCUMENTATION_COMMENTS = YES;
				CLANG_WARN_EMPTY_BODY = YES;
				CLANG_WARN_ENUM_CONVERSION = YES;
				CLANG_WARN_INFINITE_RECURSION = YES;
				CLANG_WARN_INT_CONVERSION = YES;
				CLANG_WARN_NON_LITERAL_NULL_CONVERSION = YES;
				CLANG_WARN_OBJC_IMPLICIT_RETAIN_SELF = YES;
				CLANG_WARN_OBJC_LITERAL_CONVERSION = YES;
				CLANG_WARN_OBJC_ROOT_CLASS = YES_ERROR;
				CLANG_WARN_QUOTED_INCLUDE_IN_FRAMEWORK_HEADER = YES;
				CLANG_WARN_RANGE_LOOP_ANALYSIS = YES;
				CLANG_WARN_STRICT_PROTOTYPES = YES;
				CLANG_WARN_SUSPICIOUS_MOVE = YES;
				CLANG_WARN_UNGUARDED_AVAILABILITY = YES_AGGRESSIVE;
				CLANG_WARN_UNREACHABLE_CODE = YES;
				CLANG_WARN__DUPLICATE_METHOD_MATCH = YES;
				COPY_PHASE_STRIP = NO;
				DEBUG_INFORMATION_FORMAT = "dwarf-with-dsym";
				ENABLE_NS_ASSERTIONS = NO;
				ENABLE_STRICT_OBJC_MSGSEND = YES;
				GCC_C_LANGUAGE_STANDARD = gnu11;
				GCC_NO_COMMON_BLOCKS = YES;
				GCC_WARN_64_TO_32_BIT_CONVERSION = YES;
				GCC_WARN_ABOUT_RETURN_TYPE = YES_ERROR;
				GCC_WARN_UNDECLARED_SELECTOR = YES;
				GCC_WARN_UNINITIALIZED_AUTOS = YES_AGGRESSIVE;
				GCC_WARN_UNUSED_FUNCTION = YES;
				GCC_WARN_UNUSED_VARIABLE = YES;
				IPHONEOS_DEPLOYMENT_TARGET = 15.5;
				MTL_ENABLE_DEBUG_INFO = NO;
				MTL_FAST_MATH = YES;
				SDKROOT = iphoneos;
				SWIFT_COMPILATION_MODE = wholemodule;
				SWIFT_OPTIMIZATION_LEVEL = "-O";
				VALIDATE_PRODUCT = YES;
			};
			name = Release;
		};
		ED6CF8CE28B8952300FC9D32 /* Debug */ = {
			isa = XCBuildConfiguration;
			buildSettings = {
				ASSETCATALOG_COMPILER_APPICON_NAME = AppIcon;
				ASSETCATALOG_COMPILER_GLOBAL_ACCENT_COLOR_NAME = AccentColor;
				CODE_SIGN_STYLE = Automatic;
				CURRENT_PROJECT_VERSION = 1;
				DEVELOPMENT_TEAM = F3T8QQVTZ4;
				GENERATE_INFOPLIST_FILE = YES;
				INFOPLIST_FILE = Gallery/Info.plist;
				INFOPLIST_KEY_UIApplicationSupportsIndirectInputEvents = YES;
				INFOPLIST_KEY_UILaunchStoryboardName = LaunchScreen;
				INFOPLIST_KEY_UIMainStoryboardFile = Main;
				INFOPLIST_KEY_UISupportedInterfaceOrientations_iPad = "UIInterfaceOrientationPortrait UIInterfaceOrientationPortraitUpsideDown UIInterfaceOrientationLandscapeLeft UIInterfaceOrientationLandscapeRight";
				INFOPLIST_KEY_UISupportedInterfaceOrientations_iPhone = "UIInterfaceOrientationPortrait UIInterfaceOrientationLandscapeLeft UIInterfaceOrientationLandscapeRight";
				LD_RUNPATH_SEARCH_PATHS = (
					"$(inherited)",
					"@executable_path/Frameworks",
				);
				MARKETING_VERSION = 1.0;
				PRODUCT_BUNDLE_IDENTIFIER = com.microsoft.Gallery;
				PRODUCT_NAME = "$(TARGET_NAME)";
				SWIFT_EMIT_LOC_STRINGS = YES;
				SWIFT_VERSION = 5.0;
				TARGETED_DEVICE_FAMILY = "1,2";
			};
			name = Debug;
		};
		ED6CF8CF28B8952300FC9D32 /* Release */ = {
			isa = XCBuildConfiguration;
			buildSettings = {
				ASSETCATALOG_COMPILER_APPICON_NAME = AppIcon;
				ASSETCATALOG_COMPILER_GLOBAL_ACCENT_COLOR_NAME = AccentColor;
				CODE_SIGN_STYLE = Automatic;
				CURRENT_PROJECT_VERSION = 1;
				DEVELOPMENT_TEAM = F3T8QQVTZ4;
				GENERATE_INFOPLIST_FILE = YES;
				INFOPLIST_FILE = Gallery/Info.plist;
				INFOPLIST_KEY_UIApplicationSupportsIndirectInputEvents = YES;
				INFOPLIST_KEY_UILaunchStoryboardName = LaunchScreen;
				INFOPLIST_KEY_UIMainStoryboardFile = Main;
				INFOPLIST_KEY_UISupportedInterfaceOrientations_iPad = "UIInterfaceOrientationPortrait UIInterfaceOrientationPortraitUpsideDown UIInterfaceOrientationLandscapeLeft UIInterfaceOrientationLandscapeRight";
				INFOPLIST_KEY_UISupportedInterfaceOrientations_iPhone = "UIInterfaceOrientationPortrait UIInterfaceOrientationLandscapeLeft UIInterfaceOrientationLandscapeRight";
				LD_RUNPATH_SEARCH_PATHS = (
					"$(inherited)",
					"@executable_path/Frameworks",
				);
				MARKETING_VERSION = 1.0;
				PRODUCT_BUNDLE_IDENTIFIER = com.microsoft.Gallery;
				PRODUCT_NAME = "$(TARGET_NAME)";
				SWIFT_EMIT_LOC_STRINGS = YES;
				SWIFT_VERSION = 5.0;
				TARGETED_DEVICE_FAMILY = "1,2";
			};
			name = Release;
		};
		ED6CF8D128B8952300FC9D32 /* Debug */ = {
			isa = XCBuildConfiguration;
			buildSettings = {
				ALWAYS_EMBED_SWIFT_STANDARD_LIBRARIES = YES;
				BUNDLE_LOADER = "$(TEST_HOST)";
				CODE_SIGN_STYLE = Automatic;
				CURRENT_PROJECT_VERSION = 1;
				DEVELOPMENT_TEAM = F3T8QQVTZ4;
				GENERATE_INFOPLIST_FILE = YES;
				IPHONEOS_DEPLOYMENT_TARGET = 15.5;
				MARKETING_VERSION = 1.0;
				PRODUCT_BUNDLE_IDENTIFIER = com.microsoft.GalleryTests;
				PRODUCT_NAME = "$(TARGET_NAME)";
				SWIFT_EMIT_LOC_STRINGS = NO;
				SWIFT_VERSION = 5.0;
				TARGETED_DEVICE_FAMILY = "1,2";
				TEST_HOST = "$(BUILT_PRODUCTS_DIR)/Gallery.app/Gallery";
			};
			name = Debug;
		};
		ED6CF8D228B8952300FC9D32 /* Release */ = {
			isa = XCBuildConfiguration;
			buildSettings = {
				ALWAYS_EMBED_SWIFT_STANDARD_LIBRARIES = YES;
				BUNDLE_LOADER = "$(TEST_HOST)";
				CODE_SIGN_STYLE = Automatic;
				CURRENT_PROJECT_VERSION = 1;
				DEVELOPMENT_TEAM = F3T8QQVTZ4;
				GENERATE_INFOPLIST_FILE = YES;
				IPHONEOS_DEPLOYMENT_TARGET = 15.5;
				MARKETING_VERSION = 1.0;
				PRODUCT_BUNDLE_IDENTIFIER = com.microsoft.GalleryTests;
				PRODUCT_NAME = "$(TARGET_NAME)";
				SWIFT_EMIT_LOC_STRINGS = NO;
				SWIFT_VERSION = 5.0;
				TARGETED_DEVICE_FAMILY = "1,2";
				TEST_HOST = "$(BUILT_PRODUCTS_DIR)/Gallery.app/Gallery";
			};
			name = Release;
		};
		ED6CF8D428B8952300FC9D32 /* Debug */ = {
			isa = XCBuildConfiguration;
			buildSettings = {
				ALWAYS_EMBED_SWIFT_STANDARD_LIBRARIES = YES;
				CODE_SIGN_STYLE = Automatic;
				CURRENT_PROJECT_VERSION = 1;
				DEVELOPMENT_TEAM = F3T8QQVTZ4;
				GENERATE_INFOPLIST_FILE = YES;
				MARKETING_VERSION = 1.0;
				PRODUCT_BUNDLE_IDENTIFIER = com.microsoft.GalleryUITests;
				PRODUCT_NAME = "$(TARGET_NAME)";
				SWIFT_EMIT_LOC_STRINGS = NO;
				SWIFT_VERSION = 5.0;
				TARGETED_DEVICE_FAMILY = "1,2";
				TEST_TARGET_NAME = Gallery;
			};
			name = Debug;
		};
		ED6CF8D528B8952300FC9D32 /* Release */ = {
			isa = XCBuildConfiguration;
			buildSettings = {
				ALWAYS_EMBED_SWIFT_STANDARD_LIBRARIES = YES;
				CODE_SIGN_STYLE = Automatic;
				CURRENT_PROJECT_VERSION = 1;
				DEVELOPMENT_TEAM = F3T8QQVTZ4;
				GENERATE_INFOPLIST_FILE = YES;
				MARKETING_VERSION = 1.0;
				PRODUCT_BUNDLE_IDENTIFIER = com.microsoft.GalleryUITests;
				PRODUCT_NAME = "$(TARGET_NAME)";
				SWIFT_EMIT_LOC_STRINGS = NO;
				SWIFT_VERSION = 5.0;
				TARGETED_DEVICE_FAMILY = "1,2";
				TEST_TARGET_NAME = Gallery;
			};
			name = Release;
		};
/* End XCBuildConfiguration section */

/* Begin XCConfigurationList section */
		ED6CF89E28B8952000FC9D32 /* Build configuration list for PBXProject "Gallery" */ = {
			isa = XCConfigurationList;
			buildConfigurations = (
				ED6CF8CB28B8952300FC9D32 /* Debug */,
				ED6CF8CC28B8952300FC9D32 /* Release */,
			);
			defaultConfigurationIsVisible = 0;
			defaultConfigurationName = Release;
		};
		ED6CF8CD28B8952300FC9D32 /* Build configuration list for PBXNativeTarget "Gallery" */ = {
			isa = XCConfigurationList;
			buildConfigurations = (
				ED6CF8CE28B8952300FC9D32 /* Debug */,
				ED6CF8CF28B8952300FC9D32 /* Release */,
			);
			defaultConfigurationIsVisible = 0;
			defaultConfigurationName = Release;
		};
		ED6CF8D028B8952300FC9D32 /* Build configuration list for PBXNativeTarget "GalleryTests" */ = {
			isa = XCConfigurationList;
			buildConfigurations = (
				ED6CF8D128B8952300FC9D32 /* Debug */,
				ED6CF8D228B8952300FC9D32 /* Release */,
			);
			defaultConfigurationIsVisible = 0;
			defaultConfigurationName = Release;
		};
		ED6CF8D328B8952300FC9D32 /* Build configuration list for PBXNativeTarget "GalleryUITests" */ = {
			isa = XCConfigurationList;
			buildConfigurations = (
				ED6CF8D428B8952300FC9D32 /* Debug */,
				ED6CF8D528B8952300FC9D32 /* Release */,
			);
			defaultConfigurationIsVisible = 0;
			defaultConfigurationName = Release;
		};
/* End XCConfigurationList section */
	};
	rootObject = ED6CF89B28B8952000FC9D32 /* Project object */;
}
